
Microsoft Visual Studio Solution File, Format Version 12.00
Project("{FAE04EC0-301F-11D3-BF4B-00C04F79EFBC}") = "ApiPeliculas", "ApiPeliculas\ApiPeliculas.csproj", "{10CA07EE-8F21-48C7-997F-59E118796367}"
EndProject
Global
	GlobalSection(SolutionConfigurationPlatforms) = preSolution
		Debug|Any CPU = Debug|Any CPU
		Release|Any CPU = Release|Any CPU
	EndGlobalSection
	GlobalSection(ProjectConfigurationPlatforms) = postSolution
		{10CA07EE-8F21-48C7-997F-59E118796367}.Debug|Any CPU.ActiveCfg = Debug|Any CPU
		{10CA07EE-8F21-48C7-997F-59E118796367}.Debug|Any CPU.Build.0 = Debug|Any CPU
		{10CA07EE-8F21-48C7-997F-59E118796367}.Release|Any CPU.ActiveCfg = Release|Any CPU
		{10CA07EE-8F21-48C7-997F-59E118796367}.Release|Any CPU.Build.0 = Release|Any CPU
	EndGlobalSection
EndGlobal
